
Microsoft Visual Studio Solution File, Format Version 12.00
# Visual Studio Version 17
VisualStudioVersion = 17.7.34221.43
MinimumVisualStudioVersion = 10.0.40219.1
Project("{FAE04EC0-301F-11D3-BF4B-00C04F79EFBC}") = "LabTasks23February", "LabTasks23February\LabTasks23February.csproj", "{378C8FAB-8702-43E4-A119-8D62F5D3F955}"
EndProject
Global
	GlobalSection(SolutionConfigurationPlatforms) = preSolution
		Debug|Any CPU = Debug|Any CPU
		Release|Any CPU = Release|Any CPU
	EndGlobalSection
	GlobalSection(ProjectConfigurationPlatforms) = postSolution
		{378C8FAB-8702-43E4-A119-8D62F5D3F955}.Debug|Any CPU.ActiveCfg = Debug|Any CPU
		{378C8FAB-8702-43E4-A119-8D62F5D3F955}.Debug|Any CPU.Build.0 = Debug|Any CPU
		{378C8FAB-8702-43E4-A119-8D62F5D3F955}.Release|Any CPU.ActiveCfg = Release|Any CPU
		{378C8FAB-8702-43E4-A119-8D62F5D3F955}.Release|Any CPU.Build.0 = Release|Any CPU
	EndGlobalSection
	GlobalSection(SolutionProperties) = preSolution
		HideSolutionNode = FALSE
	EndGlobalSection
	GlobalSection(ExtensibilityGlobals) = postSolution
		SolutionGuid = {32C6572F-A5E2-4F51-AB99-2184B70BFA7F}
	EndGlobalSection
EndGlobal
